{
  "version": 4,
  "terraform_version": "1.3.7",
  "serial": 10,
  "lineage": "679a5ac6-2e6e-8de7-9640-215604f2ee24",
  "outputs": {
    "jenkins_ip": {
      "value": "157.230.191.161",
      "type": "string"
    }
  },
  "resources": [
    {
      "mode": "data",
      "type": "digitalocean_ssh_key",
      "name": "ssh_key",
      "provider": "provider[\"registry.terraform.io/digitalocean/digitalocean\"]",
      "instances": [
        {
          "schema_version": 0,
          "attributes": {
            "fingerprint": "40:7b:a6:92:74:23:3b:76:52:b8:87:f7:80:25:03:7e",
            "id": 37373676,
            "name": "terraform-Jornada",
            "public_key": "ssh-rsa AAAAB3NzaC1yc2EAAAADAQABAAABAQDaJLnDPY/CnWXraNsUo8DC0SH02ti/OzDCOEJ8I2Vto/Ha5w8gk0KIsngrcXPeZRue/unsqVFSeYIflve2lKhX+V4cApNK9OWSin3zqFzZo8vamQhSVzvhL1pZiW6zyd+dGMfuwXjPQFk5EH4/V6MyXy5B2Gg4AYKKxnDXaYdR+rhmC9lkDi+3ReH4H6PR1MLJMauhB/lyl3BltBK0BNkObWQ8pIzvts+Oi262pczjepxc+KFKrfmYemeNGmnqKyf6QMxt9LTLkY1BS4CH5WiFKkge2CR5KRyAM5yChOF+cQZ9W9R4V+q4Ekj/ttl3oc49wkYrc034Msl/kh39DedV renato@pop-os"
          },
          "sensitive_attributes": []
        }
      ]
    },
    {
      "mode": "managed",
      "type": "digitalocean_droplet",
      "name": "jenkins",
      "provider": "provider[\"registry.terraform.io/digitalocean/digitalocean\"]",
      "instances": [
        {
          "schema_version": 1,
          "attributes": {
            "backups": false,
            "created_at": "2023-01-28T15:32:13Z",
            "disk": 60,
            "droplet_agent": null,
            "graceful_shutdown": false,
            "id": "337990868",
            "image": "ubuntu-22-04-x64",
            "ipv4_address": "157.230.191.161",
            "ipv4_address_private": "10.116.0.2",
            "ipv6": false,
            "ipv6_address": "",
            "locked": false,
            "memory": 2048,
            "monitoring": false,
            "name": "jenkins",
            "price_hourly": 0.02679,
            "price_monthly": 18,
            "private_networking": true,
            "region": "nyc1",
            "resize_disk": true,
            "size": "s-2vcpu-2gb",
            "ssh_keys": [
              "37373676"
            ],
            "status": "active",
            "tags": [],
            "timeouts": null,
            "urn": "do:droplet:337990868",
            "user_data": null,
            "vcpus": 2,
            "volume_ids": [],
            "vpc_uuid": "7ead5618-a587-4fde-b4de-ba5c330bf662"
          },
          "sensitive_attributes": [],
          "private": "eyJlMmJmYjczMC1lY2FhLTExZTYtOGY4OC0zNDM2M2JjN2M0YzAiOnsiY3JlYXRlIjozNjAwMDAwMDAwMDAwLCJkZWxldGUiOjYwMDAwMDAwMDAwLCJ1cGRhdGUiOjM2MDAwMDAwMDAwMDB9LCJzY2hlbWFfdmVyc2lvbiI6IjEifQ==",
          "dependencies": [
            "data.digitalocean_ssh_key.ssh_key"
          ]
        }
      ]
    },
    {
      "mode": "managed",
      "type": "digitalocean_kubernetes_cluster",
      "name": "kube",
      "provider": "provider[\"registry.terraform.io/digitalocean/digitalocean\"]",
      "instances": [
        {
          "schema_version": 3,
          "attributes": {
            "auto_upgrade": false,
            "cluster_subnet": "10.244.0.0/16",
            "created_at": "2023-01-28 17:08:05 +0000 UTC",
            "endpoint": "https://71902c5b-eb10-48e5-a773-eabc4a0bbe48.k8s.ondigitalocean.com",
            "ha": false,
            "id": "71902c5b-eb10-48e5-a773-eabc4a0bbe48",
            "ipv4_address": "",
            "kube_config": [
              {
                "client_certificate": "",
                "client_key": "",
                "cluster_ca_certificate": "LS0tLS1CRUdJTiBDRVJUSUZJQ0FURS0tLS0tCk1JSURKekNDQWcrZ0F3SUJBZ0lDQm5Vd0RRWUpLb1pJaHZjTkFRRUxCUUF3TXpFVk1CTUdBMVVFQ2hNTVJHbG4KYVhSaGJFOWpaV0Z1TVJvd0dBWURWUVFERXhGck9ITmhZWE1nUTJ4MWMzUmxjaUJEUVRBZUZ3MHlNekF4TWpneApOekE0TVRWYUZ3MDBNekF4TWpneE56QTRNVFZhTURNeEZUQVRCZ05WQkFvVERFUnBaMmwwWVd4UFkyVmhiakVhCk1CZ0dBMVVFQXhNUmF6aHpZV0Z6SUVOc2RYTjBaWElnUTBFd2dnRWlNQTBHQ1NxR1NJYjNEUUVCQVFVQUE0SUIKRHdBd2dnRUtBb0lCQVFDZ01ETGl1cFZkNFZ1Z3d6bEJML1dMWTRYU2RtOWZxQ0dhSFd5VmU4M1lYRkt5SWtORAp1SEFWU0hWK0hjekN5RWJaQzBXeS9wa3dNekUvQTBVL1hXc1JiSXhldEZQL01Wd01WVHZsTlJVMEwxZ1loeEExClRkMVFYdkdMOVA0cnNZSWgvQ3I5T0dIa2gxY1R2OUY2cDVoUkxTckxLWkxZenJobFlWS1VHWlUrWVFjR21xWG4KbFU0VEJhKy9MRHczTUVrVkN3SENvQlJGWklHc2YzeFZnSWZFeVRPUTJtMVNsaGIxN0w2UG1Ya1F3NCsxODFOMApwRnYrWTVPTCtOZ291aTBJU0JwdzVlZ25iaVhucGJCQjAzM3RBRDB3Y2VmR09UMDZJMTlwZnFoc0U5cXRXTlpOCmc3YkVEWnVmc2xKRDBMcXNHeXpvWHo0U2pHaEp4QzBvY21RMUFnTUJBQUdqUlRCRE1BNEdBMVVkRHdFQi93UUUKQXdJQmhqQVNCZ05WSFJNQkFmOEVDREFHQVFIL0FnRUFNQjBHQTFVZERnUVdCQlNlek9ZdjVGT01VT2ZRdEwyeQpEMXJwb2hGMndUQU5CZ2txaGtpRzl3MEJBUXNGQUFPQ0FRRUFtTzdSZ0FHTzhPOFgzdDVUSnE5eGFMdUR2cDZWCnlTbTBUcTVpdHdiQnl0aC96Z05xZlBkejRrS09wTjRSbCt5aWdqY3UzcnFUV1RUYzNqbXVJdjFhUlc3ellUeUoKOFNtNjh5S2R3WmlCWTZXaFRVVkcvWkVCdUlyNXlvd2wwRWZzdW96WGZHeTNpaWFNSTlTMUh2YmNwZElUSkZvbgpOaUh4bHVxNmx4R0ZHZE5KeFlJcm1WbCs0WjVrOWRUd0E5azJPOVAxcFJqaFdxVk5oS2orbzlJNFRVU0l1Yy9VCndhbDA3VFNtNVdha21nTzRmQkJYQVFuNmJGYVd2eGxxK05uUi9qVlREeldFZWU4YXVUSE5OWkdXQVRDaW5tRW8KUUE0c1N4b2NaU3ZhWW5qdWxTZE8xbG1jTndjc1I4N3h4RDMvV2FhbThLWm0xcmNQRzVOWkJpWXhHQT09Ci0tLS0tRU5EIENFUlRJRklDQVRFLS0tLS0K",
                "expires_at": "2023-02-04T17:34:16Z",
                "host": "https://71902c5b-eb10-48e5-a773-eabc4a0bbe48.k8s.ondigitalocean.com",
                "raw_config": "apiVersion: v1\nkind: Config\nclusters:\n- cluster:\n    certificate-authority-data: LS0tLS1CRUdJTiBDRVJUSUZJQ0FURS0tLS0tCk1JSURKekNDQWcrZ0F3SUJBZ0lDQm5Vd0RRWUpLb1pJaHZjTkFRRUxCUUF3TXpFVk1CTUdBMVVFQ2hNTVJHbG4KYVhSaGJFOWpaV0Z1TVJvd0dBWURWUVFERXhGck9ITmhZWE1nUTJ4MWMzUmxjaUJEUVRBZUZ3MHlNekF4TWpneApOekE0TVRWYUZ3MDBNekF4TWpneE56QTRNVFZhTURNeEZUQVRCZ05WQkFvVERFUnBaMmwwWVd4UFkyVmhiakVhCk1CZ0dBMVVFQXhNUmF6aHpZV0Z6SUVOc2RYTjBaWElnUTBFd2dnRWlNQTBHQ1NxR1NJYjNEUUVCQVFVQUE0SUIKRHdBd2dnRUtBb0lCQVFDZ01ETGl1cFZkNFZ1Z3d6bEJML1dMWTRYU2RtOWZxQ0dhSFd5VmU4M1lYRkt5SWtORAp1SEFWU0hWK0hjekN5RWJaQzBXeS9wa3dNekUvQTBVL1hXc1JiSXhldEZQL01Wd01WVHZsTlJVMEwxZ1loeEExClRkMVFYdkdMOVA0cnNZSWgvQ3I5T0dIa2gxY1R2OUY2cDVoUkxTckxLWkxZenJobFlWS1VHWlUrWVFjR21xWG4KbFU0VEJhKy9MRHczTUVrVkN3SENvQlJGWklHc2YzeFZnSWZFeVRPUTJtMVNsaGIxN0w2UG1Ya1F3NCsxODFOMApwRnYrWTVPTCtOZ291aTBJU0JwdzVlZ25iaVhucGJCQjAzM3RBRDB3Y2VmR09UMDZJMTlwZnFoc0U5cXRXTlpOCmc3YkVEWnVmc2xKRDBMcXNHeXpvWHo0U2pHaEp4QzBvY21RMUFnTUJBQUdqUlRCRE1BNEdBMVVkRHdFQi93UUUKQXdJQmhqQVNCZ05WSFJNQkFmOEVDREFHQVFIL0FnRUFNQjBHQTFVZERnUVdCQlNlek9ZdjVGT01VT2ZRdEwyeQpEMXJwb2hGMndUQU5CZ2txaGtpRzl3MEJBUXNGQUFPQ0FRRUFtTzdSZ0FHTzhPOFgzdDVUSnE5eGFMdUR2cDZWCnlTbTBUcTVpdHdiQnl0aC96Z05xZlBkejRrS09wTjRSbCt5aWdqY3UzcnFUV1RUYzNqbXVJdjFhUlc3ellUeUoKOFNtNjh5S2R3WmlCWTZXaFRVVkcvWkVCdUlyNXlvd2wwRWZzdW96WGZHeTNpaWFNSTlTMUh2YmNwZElUSkZvbgpOaUh4bHVxNmx4R0ZHZE5KeFlJcm1WbCs0WjVrOWRUd0E5azJPOVAxcFJqaFdxVk5oS2orbzlJNFRVU0l1Yy9VCndhbDA3VFNtNVdha21nTzRmQkJYQVFuNmJGYVd2eGxxK05uUi9qVlREeldFZWU4YXVUSE5OWkdXQVRDaW5tRW8KUUE0c1N4b2NaU3ZhWW5qdWxTZE8xbG1jTndjc1I4N3h4RDMvV2FhbThLWm0xcmNQRzVOWkJpWXhHQT09Ci0tLS0tRU5EIENFUlRJRklDQVRFLS0tLS0K\n    server: https://71902c5b-eb10-48e5-a773-eabc4a0bbe48.k8s.ondigitalocean.com\n  name: do-nyc1-kube\ncontexts:\n- context:\n    cluster: do-nyc1-kube\n    user: do-nyc1-kube-admin\n  name: do-nyc1-kube\ncurrent-context: do-nyc1-kube\nusers:\n- name: do-nyc1-kube-admin\n  user:\n    token: dop_v1_95670aca7207d6aa147f1c0e0fd69579e7f02b3df67eb993ee17cd583ab40d8a\n",
                "token": "dop_v1_95670aca7207d6aa147f1c0e0fd69579e7f02b3df67eb993ee17cd583ab40d8a"
              }
            ],
            "maintenance_policy": [
              {
                "day": "any",
                "duration": "4h0m0s",
                "start_time": "5:00"
              }
            ],
            "name": "kube",
            "node_pool": [
              {
                "actual_node_count": 2,
                "auto_scale": false,
                "id": "ff749937-b21b-475d-b547-652d9cdf76c8",
                "labels": {},
                "max_nodes": 0,
                "min_nodes": 0,
                "name": "default",
                "node_count": 2,
                "nodes": [
                  {
                    "created_at": "2023-01-28 17:08:05 +0000 UTC",
                    "droplet_id": "338002443",
                    "id": "8659ee10-eac1-4409-b6fc-2e4b59c56826",
                    "name": "default-qne84",
                    "status": "running",
                    "updated_at": "2023-01-28 17:31:32 +0000 UTC"
                  },
                  {
                    "created_at": "2023-01-28 17:08:05 +0000 UTC",
                    "droplet_id": "338002442",
                    "id": "ef2b91a4-da84-4b1e-96c1-8ace50713c91",
                    "name": "default-qne8i",
                    "status": "running",
                    "updated_at": "2023-01-28 17:30:53 +0000 UTC"
                  }
                ],
                "size": "s-2vcpu-2gb",
                "tags": [],
                "taint": []
              }
            ],
            "region": "nyc1",
            "service_subnet": "10.245.0.0/16",
            "status": "running",
            "surge_upgrade": true,
            "tags": [],
            "timeouts": null,
            "updated_at": "2023-01-28 17:35:14 +0000 UTC",
            "urn": "do:kubernetes:71902c5b-eb10-48e5-a773-eabc4a0bbe48",
            "version": "1.25.4-do.0",
            "vpc_uuid": "7ead5618-a587-4fde-b4de-ba5c330bf662"
          },
          "sensitive_attributes": [],
          "private": "eyJlMmJmYjczMC1lY2FhLTExZTYtOGY4OC0zNDM2M2JjN2M0YzAiOnsiY3JlYXRlIjoxODAwMDAwMDAwMDAwfSwic2NoZW1hX3ZlcnNpb24iOiIzIn0="
        }
      ]
    }
  ],
  "check_results": null
}
